
Microsoft Visual Studio Solution File, Format Version 12.00
# Visual Studio Version 17
VisualStudioVersion = 17.5.33414.496
MinimumVisualStudioVersion = 10.0.40219.1
Project("{FAE04EC0-301F-11D3-BF4B-00C04F79EFBC}") = "SEDC.Homework_01", "SEDC.Homework_01\SEDC.Homework_01.csproj", "{05467079-ECFD-4FBF-9546-4ED6FF839C85}"
EndProject
Project("{FAE04EC0-301F-11D3-BF4B-00C04F79EFBC}") = "SEDC.Homework_02", "SEDC.Homework_02\SEDC.Homework_02.csproj", "{7DA453DC-C650-499D-98C5-2B6F97E0DE24}"
EndProject
Global
	GlobalSection(SolutionConfigurationPlatforms) = preSolution
		Debug|Any CPU = Debug|Any CPU
		Release|Any CPU = Release|Any CPU
	EndGlobalSection
	GlobalSection(ProjectConfigurationPlatforms) = postSolution
		{05467079-ECFD-4FBF-9546-4ED6FF839C85}.Debug|Any CPU.ActiveCfg = Debug|Any CPU
		{05467079-ECFD-4FBF-9546-4ED6FF839C85}.Debug|Any CPU.Build.0 = Debug|Any CPU
		{05467079-ECFD-4FBF-9546-4ED6FF839C85}.Release|Any CPU.ActiveCfg = Release|Any CPU
		{05467079-ECFD-4FBF-9546-4ED6FF839C85}.Release|Any CPU.Build.0 = Release|Any CPU
		{7DA453DC-C650-499D-98C5-2B6F97E0DE24}.Debug|Any CPU.ActiveCfg = Debug|Any CPU
		{7DA453DC-C650-499D-98C5-2B6F97E0DE24}.Debug|Any CPU.Build.0 = Debug|Any CPU
		{7DA453DC-C650-499D-98C5-2B6F97E0DE24}.Release|Any CPU.ActiveCfg = Release|Any CPU
		{7DA453DC-C650-499D-98C5-2B6F97E0DE24}.Release|Any CPU.Build.0 = Release|Any CPU
	EndGlobalSection
	GlobalSection(SolutionProperties) = preSolution
		HideSolutionNode = FALSE
	EndGlobalSection
	GlobalSection(ExtensibilityGlobals) = postSolution
		SolutionGuid = {0D466958-6C59-42C3-950E-F17D061F2763}
	EndGlobalSection
EndGlobal
