
Microsoft Visual Studio Solution File, Format Version 12.00
# Visual Studio Version 17
VisualStudioVersion = 17.5.33414.496
MinimumVisualStudioVersion = 10.0.40219.1
Project("{FAE04EC0-301F-11D3-BF4B-00C04F79EFBC}") = "SEDC.Homework.03_Exercise.01", "SEDC.Homework.03_Exercise.01\SEDC.Homework.03_Exercise.01.csproj", "{777FAFB3-70CA-4F42-BFE0-4F2BD847B800}"
EndProject
Project("{FAE04EC0-301F-11D3-BF4B-00C04F79EFBC}") = "SEDC.HomeWork.03_Exercise.02", "SEDC.HomeWork.03_Exercise.02\SEDC.HomeWork.03_Exercise.02.csproj", "{A81AEB1F-60A4-4FCC-992A-31ABF322F341}"
EndProject
Global
	GlobalSection(SolutionConfigurationPlatforms) = preSolution
		Debug|Any CPU = Debug|Any CPU
		Release|Any CPU = Release|Any CPU
	EndGlobalSection
	GlobalSection(ProjectConfigurationPlatforms) = postSolution
		{777FAFB3-70CA-4F42-BFE0-4F2BD847B800}.Debug|Any CPU.ActiveCfg = Debug|Any CPU
		{777FAFB3-70CA-4F42-BFE0-4F2BD847B800}.Debug|Any CPU.Build.0 = Debug|Any CPU
		{777FAFB3-70CA-4F42-BFE0-4F2BD847B800}.Release|Any CPU.ActiveCfg = Release|Any CPU
		{777FAFB3-70CA-4F42-BFE0-4F2BD847B800}.Release|Any CPU.Build.0 = Release|Any CPU
		{A81AEB1F-60A4-4FCC-992A-31ABF322F341}.Debug|Any CPU.ActiveCfg = Debug|Any CPU
		{A81AEB1F-60A4-4FCC-992A-31ABF322F341}.Debug|Any CPU.Build.0 = Debug|Any CPU
		{A81AEB1F-60A4-4FCC-992A-31ABF322F341}.Release|Any CPU.ActiveCfg = Release|Any CPU
		{A81AEB1F-60A4-4FCC-992A-31ABF322F341}.Release|Any CPU.Build.0 = Release|Any CPU
	EndGlobalSection
	GlobalSection(SolutionProperties) = preSolution
		HideSolutionNode = FALSE
	EndGlobalSection
	GlobalSection(ExtensibilityGlobals) = postSolution
		SolutionGuid = {5E2653B5-DCE9-4BFE-83BE-52D23102DCD0}
	EndGlobalSection
EndGlobal
