
Microsoft Visual Studio Solution File, Format Version 12.00
# Visual Studio Version 17
VisualStudioVersion = 17.5.33414.496
MinimumVisualStudioVersion = 10.0.40219.1
Project("{9A19103F-16F7-4668-BE54-9A1E7A4F7556}") = "SEDC.HomeWork_Class.06_Task01", "SEDC.HomeWork_Class.06_Task01\SEDC.HomeWork_Class.06_Task01.csproj", "{F0261D76-48AE-4971-90EB-98AAD00C6571}"
EndProject
Project("{FAE04EC0-301F-11D3-BF4B-00C04F79EFBC}") = "SEDC.HomeWork_Class.06_Task02", "SEDC.HomeWork_Class.06_Task02\SEDC.HomeWork_Class.06_Task02.csproj", "{9696C857-9232-4EFC-A78D-43ABDFE866BD}"
EndProject
Global
	GlobalSection(SolutionConfigurationPlatforms) = preSolution
		Debug|Any CPU = Debug|Any CPU
		Release|Any CPU = Release|Any CPU
	EndGlobalSection
	GlobalSection(ProjectConfigurationPlatforms) = postSolution
		{F0261D76-48AE-4971-90EB-98AAD00C6571}.Debug|Any CPU.ActiveCfg = Debug|Any CPU
		{F0261D76-48AE-4971-90EB-98AAD00C6571}.Debug|Any CPU.Build.0 = Debug|Any CPU
		{F0261D76-48AE-4971-90EB-98AAD00C6571}.Release|Any CPU.ActiveCfg = Release|Any CPU
		{F0261D76-48AE-4971-90EB-98AAD00C6571}.Release|Any CPU.Build.0 = Release|Any CPU
		{9696C857-9232-4EFC-A78D-43ABDFE866BD}.Debug|Any CPU.ActiveCfg = Debug|Any CPU
		{9696C857-9232-4EFC-A78D-43ABDFE866BD}.Debug|Any CPU.Build.0 = Debug|Any CPU
		{9696C857-9232-4EFC-A78D-43ABDFE866BD}.Release|Any CPU.ActiveCfg = Release|Any CPU
		{9696C857-9232-4EFC-A78D-43ABDFE866BD}.Release|Any CPU.Build.0 = Release|Any CPU
	EndGlobalSection
	GlobalSection(SolutionProperties) = preSolution
		HideSolutionNode = FALSE
	EndGlobalSection
	GlobalSection(ExtensibilityGlobals) = postSolution
		SolutionGuid = {0C278C7D-B780-4F7D-86F5-D1FA5C36F8F3}
	EndGlobalSection
EndGlobal
